
Microsoft Visual Studio Solution File, Format Version 12.00
# Visual Studio 15
VisualStudioVersion = 15.0.27703.2047
MinimumVisualStudioVersion = 10.0.40219.1
Project("{FAE04EC0-301F-11D3-BF4B-00C04F79EFBC}") = "스트링 배열", "스트링 배열\스트링 배열.csproj", "{1B763142-7C87-4AFB-9497-9F1438550D51}"
EndProject
Global
	GlobalSection(SolutionConfigurationPlatforms) = preSolution
		Debug|Any CPU = Debug|Any CPU
		Release|Any CPU = Release|Any CPU
	EndGlobalSection
	GlobalSection(ProjectConfigurationPlatforms) = postSolution
		{1B763142-7C87-4AFB-9497-9F1438550D51}.Debug|Any CPU.ActiveCfg = Debug|Any CPU
		{1B763142-7C87-4AFB-9497-9F1438550D51}.Debug|Any CPU.Build.0 = Debug|Any CPU
		{1B763142-7C87-4AFB-9497-9F1438550D51}.Release|Any CPU.ActiveCfg = Release|Any CPU
		{1B763142-7C87-4AFB-9497-9F1438550D51}.Release|Any CPU.Build.0 = Release|Any CPU
	EndGlobalSection
	GlobalSection(SolutionProperties) = preSolution
		HideSolutionNode = FALSE
	EndGlobalSection
	GlobalSection(ExtensibilityGlobals) = postSolution
		SolutionGuid = {626B0722-458A-4E8C-9ECF-D9D23E0ABB3F}
	EndGlobalSection
EndGlobal
