
Microsoft Visual Studio Solution File, Format Version 12.00
# Visual Studio 15
VisualStudioVersion = 15.0.27703.2047
MinimumVisualStudioVersion = 10.0.40219.1
Project("{FAE04EC0-301F-11D3-BF4B-00C04F79EFBC}") = "다차원배열", "다차원배열\다차원배열.csproj", "{BF6BF34B-B425-45A2-94AF-C5D376ECB382}"
EndProject
Global
	GlobalSection(SolutionConfigurationPlatforms) = preSolution
		Debug|Any CPU = Debug|Any CPU
		Release|Any CPU = Release|Any CPU
	EndGlobalSection
	GlobalSection(ProjectConfigurationPlatforms) = postSolution
		{BF6BF34B-B425-45A2-94AF-C5D376ECB382}.Debug|Any CPU.ActiveCfg = Debug|Any CPU
		{BF6BF34B-B425-45A2-94AF-C5D376ECB382}.Debug|Any CPU.Build.0 = Debug|Any CPU
		{BF6BF34B-B425-45A2-94AF-C5D376ECB382}.Release|Any CPU.ActiveCfg = Release|Any CPU
		{BF6BF34B-B425-45A2-94AF-C5D376ECB382}.Release|Any CPU.Build.0 = Release|Any CPU
	EndGlobalSection
	GlobalSection(SolutionProperties) = preSolution
		HideSolutionNode = FALSE
	EndGlobalSection
	GlobalSection(ExtensibilityGlobals) = postSolution
		SolutionGuid = {FAD3D5FC-B638-421F-954A-82F596381D4E}
	EndGlobalSection
EndGlobal
