
Microsoft Visual Studio Solution File, Format Version 12.00
# Visual Studio 15
VisualStudioVersion = 15.0.27703.2047
MinimumVisualStudioVersion = 10.0.40219.1
Project("{FAE04EC0-301F-11D3-BF4B-00C04F79EFBC}") = "입력연습", "ConsoleApp1\입력연습.csproj", "{6CEFA1A6-A98E-421C-B514-E846B3DD4E5D}"
EndProject
Global
	GlobalSection(SolutionConfigurationPlatforms) = preSolution
		Debug|Any CPU = Debug|Any CPU
		Release|Any CPU = Release|Any CPU
	EndGlobalSection
	GlobalSection(ProjectConfigurationPlatforms) = postSolution
		{6CEFA1A6-A98E-421C-B514-E846B3DD4E5D}.Debug|Any CPU.ActiveCfg = Debug|Any CPU
		{6CEFA1A6-A98E-421C-B514-E846B3DD4E5D}.Debug|Any CPU.Build.0 = Debug|Any CPU
		{6CEFA1A6-A98E-421C-B514-E846B3DD4E5D}.Release|Any CPU.ActiveCfg = Release|Any CPU
		{6CEFA1A6-A98E-421C-B514-E846B3DD4E5D}.Release|Any CPU.Build.0 = Release|Any CPU
	EndGlobalSection
	GlobalSection(SolutionProperties) = preSolution
		HideSolutionNode = FALSE
	EndGlobalSection
	GlobalSection(ExtensibilityGlobals) = postSolution
		SolutionGuid = {AC9771D8-1547-40CD-B2D1-496E9CC61210}
	EndGlobalSection
EndGlobal
