
Microsoft Visual Studio Solution File, Format Version 12.00
# Visual Studio 15
VisualStudioVersion = 15.0.27703.2047
MinimumVisualStudioVersion = 10.0.40219.1
Project("{FAE04EC0-301F-11D3-BF4B-00C04F79EFBC}") = "for문 연습", "for문 연습\for문 연습.csproj", "{47443E70-C5A0-4A6D-8BAE-80907D249E68}"
EndProject
Global
	GlobalSection(SolutionConfigurationPlatforms) = preSolution
		Debug|Any CPU = Debug|Any CPU
		Release|Any CPU = Release|Any CPU
	EndGlobalSection
	GlobalSection(ProjectConfigurationPlatforms) = postSolution
		{47443E70-C5A0-4A6D-8BAE-80907D249E68}.Debug|Any CPU.ActiveCfg = Debug|Any CPU
		{47443E70-C5A0-4A6D-8BAE-80907D249E68}.Debug|Any CPU.Build.0 = Debug|Any CPU
		{47443E70-C5A0-4A6D-8BAE-80907D249E68}.Release|Any CPU.ActiveCfg = Release|Any CPU
		{47443E70-C5A0-4A6D-8BAE-80907D249E68}.Release|Any CPU.Build.0 = Release|Any CPU
	EndGlobalSection
	GlobalSection(SolutionProperties) = preSolution
		HideSolutionNode = FALSE
	EndGlobalSection
	GlobalSection(ExtensibilityGlobals) = postSolution
		SolutionGuid = {1A67A282-3A3C-4DDA-97B4-DA25442880A8}
	EndGlobalSection
EndGlobal
