
Microsoft Visual Studio Solution File, Format Version 12.00
# Visual Studio 15
VisualStudioVersion = 15.0.27703.2047
MinimumVisualStudioVersion = 10.0.40219.1
Project("{FAE04EC0-301F-11D3-BF4B-00C04F79EFBC}") = "예외처리", "예외처리\예외처리.csproj", "{137D4F24-E0CB-4BEE-B804-4FA177F9083D}"
EndProject
Global
	GlobalSection(SolutionConfigurationPlatforms) = preSolution
		Debug|Any CPU = Debug|Any CPU
		Release|Any CPU = Release|Any CPU
	EndGlobalSection
	GlobalSection(ProjectConfigurationPlatforms) = postSolution
		{137D4F24-E0CB-4BEE-B804-4FA177F9083D}.Debug|Any CPU.ActiveCfg = Debug|Any CPU
		{137D4F24-E0CB-4BEE-B804-4FA177F9083D}.Debug|Any CPU.Build.0 = Debug|Any CPU
		{137D4F24-E0CB-4BEE-B804-4FA177F9083D}.Release|Any CPU.ActiveCfg = Release|Any CPU
		{137D4F24-E0CB-4BEE-B804-4FA177F9083D}.Release|Any CPU.Build.0 = Release|Any CPU
	EndGlobalSection
	GlobalSection(SolutionProperties) = preSolution
		HideSolutionNode = FALSE
	EndGlobalSection
	GlobalSection(ExtensibilityGlobals) = postSolution
		SolutionGuid = {DC5D640E-6B60-4257-88B3-998892A10763}
	EndGlobalSection
EndGlobal
