
Microsoft Visual Studio Solution File, Format Version 12.00
# Visual Studio 15
VisualStudioVersion = 15.0.27703.2047
MinimumVisualStudioVersion = 10.0.40219.1
Project("{FAE04EC0-301F-11D3-BF4B-00C04F79EFBC}") = "함수의 매개뱐수", "함수의 매개뱐수\함수의 매개뱐수.csproj", "{9C4D73C1-00F8-4EEB-B121-0CF61A7BA1B2}"
EndProject
Global
	GlobalSection(SolutionConfigurationPlatforms) = preSolution
		Debug|Any CPU = Debug|Any CPU
		Release|Any CPU = Release|Any CPU
	EndGlobalSection
	GlobalSection(ProjectConfigurationPlatforms) = postSolution
		{9C4D73C1-00F8-4EEB-B121-0CF61A7BA1B2}.Debug|Any CPU.ActiveCfg = Debug|Any CPU
		{9C4D73C1-00F8-4EEB-B121-0CF61A7BA1B2}.Debug|Any CPU.Build.0 = Debug|Any CPU
		{9C4D73C1-00F8-4EEB-B121-0CF61A7BA1B2}.Release|Any CPU.ActiveCfg = Release|Any CPU
		{9C4D73C1-00F8-4EEB-B121-0CF61A7BA1B2}.Release|Any CPU.Build.0 = Release|Any CPU
	EndGlobalSection
	GlobalSection(SolutionProperties) = preSolution
		HideSolutionNode = FALSE
	EndGlobalSection
	GlobalSection(ExtensibilityGlobals) = postSolution
		SolutionGuid = {18CE2519-41A8-4399-A5A2-C8F906847093}
	EndGlobalSection
EndGlobal
