
Microsoft Visual Studio Solution File, Format Version 12.00
# Visual Studio 15
VisualStudioVersion = 15.0.27703.2047
MinimumVisualStudioVersion = 10.0.40219.1
Project("{FAE04EC0-301F-11D3-BF4B-00C04F79EFBC}") = "계산기", "계산기\계산기.csproj", "{A3C44929-7837-441D-83D6-72D248A02CED}"
EndProject
Global
	GlobalSection(SolutionConfigurationPlatforms) = preSolution
		Debug|Any CPU = Debug|Any CPU
		Release|Any CPU = Release|Any CPU
	EndGlobalSection
	GlobalSection(ProjectConfigurationPlatforms) = postSolution
		{A3C44929-7837-441D-83D6-72D248A02CED}.Debug|Any CPU.ActiveCfg = Debug|Any CPU
		{A3C44929-7837-441D-83D6-72D248A02CED}.Debug|Any CPU.Build.0 = Debug|Any CPU
		{A3C44929-7837-441D-83D6-72D248A02CED}.Release|Any CPU.ActiveCfg = Release|Any CPU
		{A3C44929-7837-441D-83D6-72D248A02CED}.Release|Any CPU.Build.0 = Release|Any CPU
	EndGlobalSection
	GlobalSection(SolutionProperties) = preSolution
		HideSolutionNode = FALSE
	EndGlobalSection
	GlobalSection(ExtensibilityGlobals) = postSolution
		SolutionGuid = {17299DED-530E-4216-B1DF-9780A858DFCE}
	EndGlobalSection
EndGlobal
