
Microsoft Visual Studio Solution File, Format Version 12.00
# Visual Studio 15
VisualStudioVersion = 15.0.27703.2047
MinimumVisualStudioVersion = 10.0.40219.1
Project("{FAE04EC0-301F-11D3-BF4B-00C04F79EFBC}") = "switch문", "switch문\switch문.csproj", "{91D8998F-07FA-47CA-A971-D28B2329CFB4}"
EndProject
Project("{FAE04EC0-301F-11D3-BF4B-00C04F79EFBC}") = "switch 문2", "switch 문2\switch 문2.csproj", "{3305CB4E-7178-4C8E-9611-EAE58A3DF85B}"
EndProject
Global
	GlobalSection(SolutionConfigurationPlatforms) = preSolution
		Debug|Any CPU = Debug|Any CPU
		Release|Any CPU = Release|Any CPU
	EndGlobalSection
	GlobalSection(ProjectConfigurationPlatforms) = postSolution
		{91D8998F-07FA-47CA-A971-D28B2329CFB4}.Debug|Any CPU.ActiveCfg = Debug|Any CPU
		{91D8998F-07FA-47CA-A971-D28B2329CFB4}.Debug|Any CPU.Build.0 = Debug|Any CPU
		{91D8998F-07FA-47CA-A971-D28B2329CFB4}.Release|Any CPU.ActiveCfg = Release|Any CPU
		{91D8998F-07FA-47CA-A971-D28B2329CFB4}.Release|Any CPU.Build.0 = Release|Any CPU
		{3305CB4E-7178-4C8E-9611-EAE58A3DF85B}.Debug|Any CPU.ActiveCfg = Debug|Any CPU
		{3305CB4E-7178-4C8E-9611-EAE58A3DF85B}.Debug|Any CPU.Build.0 = Debug|Any CPU
		{3305CB4E-7178-4C8E-9611-EAE58A3DF85B}.Release|Any CPU.ActiveCfg = Release|Any CPU
		{3305CB4E-7178-4C8E-9611-EAE58A3DF85B}.Release|Any CPU.Build.0 = Release|Any CPU
	EndGlobalSection
	GlobalSection(SolutionProperties) = preSolution
		HideSolutionNode = FALSE
	EndGlobalSection
	GlobalSection(ExtensibilityGlobals) = postSolution
		SolutionGuid = {E0E785F8-0FFA-4B1C-82A3-604FEBA7338F}
	EndGlobalSection
EndGlobal
